// !$*UTF8*$!
{
	archiveVersion = 1;
	classes = {
	};
	objectVersion = 56;
	objects = {

/* Begin PBXBuildFile section */
		CA6DE1092B57D5B300F1861B /* AppDelegate.swift in Sources */ = {isa = PBXBuildFile; fileRef = CA6DE1082B57D5B300F1861B /* AppDelegate.swift */; };
		CA6DE10B2B57D5B300F1861B /* SceneDelegate.swift in Sources */ = {isa = PBXBuildFile; fileRef = CA6DE10A2B57D5B300F1861B /* SceneDelegate.swift */; };
		CA6DE10D2B57D5B300F1861B /* SearchViewController.swift in Sources */ = {isa = PBXBuildFile; fileRef = CA6DE10C2B57D5B300F1861B /* SearchViewController.swift */; };
		CA6DE1122B57D5B300F1861B /* Assets.xcassets in Resources */ = {isa = PBXBuildFile; fileRef = CA6DE1112B57D5B300F1861B /* Assets.xcassets */; };
		CA6DE1152B57D5B300F1861B /* LaunchScreen.storyboard in Resources */ = {isa = PBXBuildFile; fileRef = CA6DE1132B57D5B300F1861B /* LaunchScreen.storyboard */; };
		CA6DE1202B57D5B300F1861B /* TravelTests.swift in Sources */ = {isa = PBXBuildFile; fileRef = CA6DE11F2B57D5B300F1861B /* TravelTests.swift */; };
		CA6DE12A2B57D5B300F1861B /* TravelUITests.swift in Sources */ = {isa = PBXBuildFile; fileRef = CA6DE1292B57D5B300F1861B /* TravelUITests.swift */; };
		CA6DE12C2B57D5B300F1861B /* TravelUITestsLaunchTests.swift in Sources */ = {isa = PBXBuildFile; fileRef = CA6DE12B2B57D5B300F1861B /* TravelUITestsLaunchTests.swift */; };
		CA6DE1392B57D69900F1861B /* TabBarController.swift in Sources */ = {isa = PBXBuildFile; fileRef = CA6DE1382B57D69900F1861B /* TabBarController.swift */; };
		CA6DE13B2B57DB3000F1861B /* LoginViewController.swift in Sources */ = {isa = PBXBuildFile; fileRef = CA6DE13A2B57DB3000F1861B /* LoginViewController.swift */; };
/* End PBXBuildFile section */

/* Begin PBXContainerItemProxy section */
		CA6DE11C2B57D5B300F1861B /* PBXContainerItemProxy */ = {
			isa = PBXContainerItemProxy;
			containerPortal = CA6DE0FD2B57D5B300F1861B /* Project object */;
			proxyType = 1;
			remoteGlobalIDString = CA6DE1042B57D5B300F1861B;
			remoteInfo = Travel;
		};
		CA6DE1262B57D5B300F1861B /* PBXContainerItemProxy */ = {
			isa = PBXContainerItemProxy;
			containerPortal = CA6DE0FD2B57D5B300F1861B /* Project object */;
			proxyType = 1;
			remoteGlobalIDString = CA6DE1042B57D5B300F1861B;
			remoteInfo = Travel;
		};
/* End PBXContainerItemProxy section */

/* Begin PBXFileReference section */
		CA6DE1052B57D5B300F1861B /* Travel.app */ = {isa = PBXFileReference; explicitFileType = wrapper.application; includeInIndex = 0; path = Travel.app; sourceTree = BUILT_PRODUCTS_DIR; };
		CA6DE1082B57D5B300F1861B /* AppDelegate.swift */ = {isa = PBXFileReference; lastKnownFileType = sourcecode.swift; path = AppDelegate.swift; sourceTree = "<group>"; };
		CA6DE10A2B57D5B300F1861B /* SceneDelegate.swift */ = {isa = PBXFileReference; lastKnownFileType = sourcecode.swift; path = SceneDelegate.swift; sourceTree = "<group>"; };
		CA6DE10C2B57D5B300F1861B /* SearchViewController.swift */ = {isa = PBXFileReference; lastKnownFileType = sourcecode.swift; path = SearchViewController.swift; sourceTree = "<group>"; };
		CA6DE1112B57D5B300F1861B /* Assets.xcassets */ = {isa = PBXFileReference; lastKnownFileType = folder.assetcatalog; path = Assets.xcassets; sourceTree = "<group>"; };
		CA6DE1142B57D5B300F1861B /* Base */ = {isa = PBXFileReference; lastKnownFileType = file.storyboard; name = Base; path = Base.lproj/LaunchScreen.storyboard; sourceTree = "<group>"; };
		CA6DE1162B57D5B300F1861B /* Info.plist */ = {isa = PBXFileReference; lastKnownFileType = text.plist.xml; path = Info.plist; sourceTree = "<group>"; };
		CA6DE11B2B57D5B300F1861B /* TravelTests.xctest */ = {isa = PBXFileReference; explicitFileType = wrapper.cfbundle; includeInIndex = 0; path = TravelTests.xctest; sourceTree = BUILT_PRODUCTS_DIR; };
		CA6DE11F2B57D5B300F1861B /* TravelTests.swift */ = {isa = PBXFileReference; lastKnownFileType = sourcecode.swift; path = TravelTests.swift; sourceTree = "<group>"; };
		CA6DE1252B57D5B300F1861B /* TravelUITests.xctest */ = {isa = PBXFileReference; explicitFileType = wrapper.cfbundle; includeInIndex = 0; path = TravelUITests.xctest; sourceTree = BUILT_PRODUCTS_DIR; };
		CA6DE1292B57D5B300F1861B /* TravelUITests.swift */ = {isa = PBXFileReference; lastKnownFileType = sourcecode.swift; path = TravelUITests.swift; sourceTree = "<group>"; };
		CA6DE12B2B57D5B300F1861B /* TravelUITestsLaunchTests.swift */ = {isa = PBXFileReference; lastKnownFileType = sourcecode.swift; path = TravelUITestsLaunchTests.swift; sourceTree = "<group>"; };
		CA6DE1382B57D69900F1861B /* TabBarController.swift */ = {isa = PBXFileReference; lastKnownFileType = sourcecode.swift; path = TabBarController.swift; sourceTree = "<group>"; };
		CA6DE13A2B57DB3000F1861B /* LoginViewController.swift */ = {isa = PBXFileReference; lastKnownFileType = sourcecode.swift; path = LoginViewController.swift; sourceTree = "<group>"; };
/* End PBXFileReference section */

/* Begin PBXFrameworksBuildPhase section */
		CA6DE1022B57D5B300F1861B /* Frameworks */ = {
			isa = PBXFrameworksBuildPhase;
			buildActionMask = 2147483647;
			files = (
			);
			runOnlyForDeploymentPostprocessing = 0;
		};
		CA6DE1182B57D5B300F1861B /* Frameworks */ = {
			isa = PBXFrameworksBuildPhase;
			buildActionMask = 2147483647;
			files = (
			);
			runOnlyForDeploymentPostprocessing = 0;
		};
		CA6DE1222B57D5B300F1861B /* Frameworks */ = {
			isa = PBXFrameworksBuildPhase;
			buildActionMask = 2147483647;
			files = (
			);
			runOnlyForDeploymentPostprocessing = 0;
		};
/* End PBXFrameworksBuildPhase section */

/* Begin PBXGroup section */
		CA6DE0FC2B57D5B300F1861B = {
			isa = PBXGroup;
			children = (
				CA6DE1072B57D5B300F1861B /* Travel */,
				CA6DE11E2B57D5B300F1861B /* TravelTests */,
				CA6DE1282B57D5B300F1861B /* TravelUITests */,
				CA6DE1062B57D5B300F1861B /* Products */,
			);
			sourceTree = "<group>";
		};
		CA6DE1062B57D5B300F1861B /* Products */ = {
			isa = PBXGroup;
			children = (
				CA6DE1052B57D5B300F1861B /* Travel.app */,
				CA6DE11B2B57D5B300F1861B /* TravelTests.xctest */,
				CA6DE1252B57D5B300F1861B /* TravelUITests.xctest */,
			);
			name = Products;
			sourceTree = "<group>";
		};
		CA6DE1072B57D5B300F1861B /* Travel */ = {
			isa = PBXGroup;
			children = (
				CA6DE1082B57D5B300F1861B /* AppDelegate.swift */,
				CA6DE10A2B57D5B300F1861B /* SceneDelegate.swift */,
				CA6DE1382B57D69900F1861B /* TabBarController.swift */,
				CA6DE10C2B57D5B300F1861B /* SearchViewController.swift */,
				CA6DE13A2B57DB3000F1861B /* LoginViewController.swift */,
				CA6DE1112B57D5B300F1861B /* Assets.xcassets */,
				CA6DE1132B57D5B300F1861B /* LaunchScreen.storyboard */,
				CA6DE1162B57D5B300F1861B /* Info.plist */,
			);
			path = Travel;
			sourceTree = "<group>";
		};
		CA6DE11E2B57D5B300F1861B /* TravelTests */ = {
			isa = PBXGroup;
			children = (
				CA6DE11F2B57D5B300F1861B /* TravelTests.swift */,
			);
			path = TravelTests;
			sourceTree = "<group>";
		};
		CA6DE1282B57D5B300F1861B /* TravelUITests */ = {
			isa = PBXGroup;
			children = (
				CA6DE1292B57D5B300F1861B /* TravelUITests.swift */,
				CA6DE12B2B57D5B300F1861B /* TravelUITestsLaunchTests.swift */,
			);
			path = TravelUITests;
			sourceTree = "<group>";
		};
/* End PBXGroup section */

/* Begin PBXNativeTarget section */
		CA6DE1042B57D5B300F1861B /* Travel */ = {
			isa = PBXNativeTarget;
			buildConfigurationList = CA6DE12F2B57D5B300F1861B /* Build configuration list for PBXNativeTarget "Travel" */;
			buildPhases = (
				CA6DE1012B57D5B300F1861B /* Sources */,
				CA6DE1022B57D5B300F1861B /* Frameworks */,
				CA6DE1032B57D5B300F1861B /* Resources */,
			);
			buildRules = (
			);
			dependencies = (
			);
			name = Travel;
			productName = Travel;
			productReference = CA6DE1052B57D5B300F1861B /* Travel.app */;
			productType = "com.apple.product-type.application";
		};
		CA6DE11A2B57D5B300F1861B /* TravelTests */ = {
			isa = PBXNativeTarget;
			buildConfigurationList = CA6DE1322B57D5B300F1861B /* Build configuration list for PBXNativeTarget "TravelTests" */;
			buildPhases = (
				CA6DE1172B57D5B300F1861B /* Sources */,
				CA6DE1182B57D5B300F1861B /* Frameworks */,
				CA6DE1192B57D5B300F1861B /* Resources */,
			);
			buildRules = (
			);
			dependencies = (
				CA6DE11D2B57D5B300F1861B /* PBXTargetDependency */,
			);
			name = TravelTests;
			productName = TravelTests;
			productReference = CA6DE11B2B57D5B300F1861B /* TravelTests.xctest */;
			productType = "com.apple.product-type.bundle.unit-test";
		};
		CA6DE1242B57D5B300F1861B /* TravelUITests */ = {
			isa = PBXNativeTarget;
			buildConfigurationList = CA6DE1352B57D5B300F1861B /* Build configuration list for PBXNativeTarget "TravelUITests" */;
			buildPhases = (
				CA6DE1212B57D5B300F1861B /* Sources */,
				CA6DE1222B57D5B300F1861B /* Frameworks */,
				CA6DE1232B57D5B300F1861B /* Resources */,
			);
			buildRules = (
			);
			dependencies = (
				CA6DE1272B57D5B300F1861B /* PBXTargetDependency */,
			);
			name = TravelUITests;
			productName = TravelUITests;
			productReference = CA6DE1252B57D5B300F1861B /* TravelUITests.xctest */;
			productType = "com.apple.product-type.bundle.ui-testing";
		};
/* End PBXNativeTarget section */

/* Begin PBXProject section */
		CA6DE0FD2B57D5B300F1861B /* Project object */ = {
			isa = PBXProject;
			attributes = {
				BuildIndependentTargetsInParallel = 1;
				LastSwiftUpdateCheck = 1500;
				LastUpgradeCheck = 1500;
				TargetAttributes = {
					CA6DE1042B57D5B300F1861B = {
						CreatedOnToolsVersion = 15.0;
					};
					CA6DE11A2B57D5B300F1861B = {
						CreatedOnToolsVersion = 15.0;
						TestTargetID = CA6DE1042B57D5B300F1861B;
					};
					CA6DE1242B57D5B300F1861B = {
						CreatedOnToolsVersion = 15.0;
						TestTargetID = CA6DE1042B57D5B300F1861B;
					};
				};
			};
			buildConfigurationList = CA6DE1002B57D5B300F1861B /* Build configuration list for PBXProject "Travel" */;
			compatibilityVersion = "Xcode 14.0";
			developmentRegion = en;
			hasScannedForEncodings = 0;
			knownRegions = (
				en,
				Base,
			);
			mainGroup = CA6DE0FC2B57D5B300F1861B;
			productRefGroup = CA6DE1062B57D5B300F1861B /* Products */;
			projectDirPath = "";
			projectRoot = "";
			targets = (
				CA6DE1042B57D5B300F1861B /* Travel */,
				CA6DE11A2B57D5B300F1861B /* TravelTests */,
				CA6DE1242B57D5B300F1861B /* TravelUITests */,
			);
		};
/* End PBXProject section */

/* Begin PBXResourcesBuildPhase section */
		CA6DE1032B57D5B300F1861B /* Resources */ = {
			isa = PBXResourcesBuildPhase;
			buildActionMask = 2147483647;
			files = (
				CA6DE1152B57D5B300F1861B /* LaunchScreen.storyboard in Resources */,
				CA6DE1122B57D5B300F1861B /* Assets.xcassets in Resources */,
			);
			runOnlyForDeploymentPostprocessing = 0;
		};
		CA6DE1192B57D5B300F1861B /* Resources */ = {
			isa = PBXResourcesBuildPhase;
			buildActionMask = 2147483647;
			files = (
			);
			runOnlyForDeploymentPostprocessing = 0;
		};
		CA6DE1232B57D5B300F1861B /* Resources */ = {
			isa = PBXResourcesBuildPhase;
			buildActionMask = 2147483647;
			files = (
			);
			runOnlyForDeploymentPostprocessing = 0;
		};
/* End PBXResourcesBuildPhase section */

/* Begin PBXSourcesBuildPhase section */
		CA6DE1012B57D5B300F1861B /* Sources */ = {
			isa = PBXSourcesBuildPhase;
			buildActionMask = 2147483647;
			files = (
				CA6DE10D2B57D5B300F1861B /* SearchViewController.swift in Sources */,
				CA6DE1392B57D69900F1861B /* TabBarController.swift in Sources */,
				CA6DE1092B57D5B300F1861B /* AppDelegate.swift in Sources */,
				CA6DE13B2B57DB3000F1861B /* LoginViewController.swift in Sources */,
				CA6DE10B2B57D5B300F1861B /* SceneDelegate.swift in Sources */,
			);
			runOnlyForDeploymentPostprocessing = 0;
		};
		CA6DE1172B57D5B300F1861B /* Sources */ = {
			isa = PBXSourcesBuildPhase;
			buildActionMask = 2147483647;
			files = (
				CA6DE1202B57D5B300F1861B /* TravelTests.swift in Sources */,
			);
			runOnlyForDeploymentPostprocessing = 0;
		};
		CA6DE1212B57D5B300F1861B /* Sources */ = {
			isa = PBXSourcesBuildPhase;
			buildActionMask = 2147483647;
			files = (
				CA6DE12C2B57D5B300F1861B /* TravelUITestsLaunchTests.swift in Sources */,
				CA6DE12A2B57D5B300F1861B /* TravelUITests.swift in Sources */,
			);
			runOnlyForDeploymentPostprocessing = 0;
		};
/* End PBXSourcesBuildPhase section */

/* Begin PBXTargetDependency section */
		CA6DE11D2B57D5B300F1861B /* PBXTargetDependency */ = {
			isa = PBXTargetDependency;
			target = CA6DE1042B57D5B300F1861B /* Travel */;
			targetProxy = CA6DE11C2B57D5B300F1861B /* PBXContainerItemProxy */;
		};
		CA6DE1272B57D5B300F1861B /* PBXTargetDependency */ = {
			isa = PBXTargetDependency;
			target = CA6DE1042B57D5B300F1861B /* Travel */;
			targetProxy = CA6DE1262B57D5B300F1861B /* PBXContainerItemProxy */;
		};
/* End PBXTargetDependency section */

/* Begin PBXVariantGroup section */
		CA6DE1132B57D5B300F1861B /* LaunchScreen.storyboard */ = {
			isa = PBXVariantGroup;
			children = (
				CA6DE1142B57D5B300F1861B /* Base */,
			);
			name = LaunchScreen.storyboard;
			sourceTree = "<group>";
		};
/* End PBXVariantGroup section */

/* Begin XCBuildConfiguration section */
		CA6DE12D2B57D5B300F1861B /* Debug */ = {
			isa = XCBuildConfiguration;
			buildSettings = {
				ALWAYS_SEARCH_USER_PATHS = NO;
				ASSETCATALOG_COMPILER_GENERATE_SWIFT_ASSET_SYMBOL_EXTENSIONS = YES;
				CLANG_ANALYZER_NONNULL = YES;
				CLANG_ANALYZER_NUMBER_OBJECT_CONVERSION = YES_AGGRESSIVE;
				CLANG_CXX_LANGUAGE_STANDARD = "gnu++20";
				CLANG_ENABLE_MODULES = YES;
				CLANG_ENABLE_OBJC_ARC = YES;
				CLANG_ENABLE_OBJC_WEAK = YES;
				CLANG_WARN_BLOCK_CAPTURE_AUTORELEASING = YES;
				CLANG_WARN_BOOL_CONVERSION = YES;
				CLANG_WARN_COMMA = YES;
				CLANG_WARN_CONSTANT_CONVERSION = YES;
				CLANG_WARN_DEPRECATED_OBJC_IMPLEMENTATIONS = YES;
				CLANG_WARN_DIRECT_OBJC_ISA_USAGE = YES_ERROR;
				CLANG_WARN_DOCUMENTATION_COMMENTS = YES;
				CLANG_WARN_EMPTY_BODY = YES;
				CLANG_WARN_ENUM_CONVERSION = YES;
				CLANG_WARN_INFINITE_RECURSION = YES;
				CLANG_WARN_INT_CONVERSION = YES;
				CLANG_WARN_NON_LITERAL_NULL_CONVERSION = YES;
				CLANG_WARN_OBJC_IMPLICIT_RETAIN_SELF = YES;
				CLANG_WARN_OBJC_LITERAL_CONVERSION = YES;
				CLANG_WARN_OBJC_ROOT_CLASS = YES_ERROR;
				CLANG_WARN_QUOTED_INCLUDE_IN_FRAMEWORK_HEADER = YES;
				CLANG_WARN_RANGE_LOOP_ANALYSIS = YES;
				CLANG_WARN_STRICT_PROTOTYPES = YES;
				CLANG_WARN_SUSPICIOUS_MOVE = YES;
				CLANG_WARN_UNGUARDED_AVAILABILITY = YES_AGGRESSIVE;
				CLANG_WARN_UNREACHABLE_CODE = YES;
				CLANG_WARN__DUPLICATE_METHOD_MATCH = YES;
				COPY_PHASE_STRIP = NO;
				DEBUG_INFORMATION_FORMAT = dwarf;
				ENABLE_STRICT_OBJC_MSGSEND = YES;
				ENABLE_TESTABILITY = YES;
				ENABLE_USER_SCRIPT_SANDBOXING = YES;
				GCC_C_LANGUAGE_STANDARD = gnu17;
				GCC_DYNAMIC_NO_PIC = NO;
				GCC_NO_COMMON_BLOCKS = YES;
				GCC_OPTIMIZATION_LEVEL = 0;
				GCC_PREPROCESSOR_DEFINITIONS = (
					"DEBUG=1",
					"$(inherited)",
				);
				GCC_WARN_64_TO_32_BIT_CONVERSION = YES;
				GCC_WARN_ABOUT_RETURN_TYPE = YES_ERROR;
				GCC_WARN_UNDECLARED_SELECTOR = YES;
				GCC_WARN_UNINITIALIZED_AUTOS = YES_AGGRESSIVE;
				GCC_WARN_UNUSED_FUNCTION = YES;
				GCC_WARN_UNUSED_VARIABLE = YES;
				IPHONEOS_DEPLOYMENT_TARGET = 17.0;
				LOCALIZATION_PREFERS_STRING_CATALOGS = YES;
				MTL_ENABLE_DEBUG_INFO = INCLUDE_SOURCE;
				MTL_FAST_MATH = YES;
				ONLY_ACTIVE_ARCH = YES;
				SDKROOT = iphoneos;
				SWIFT_ACTIVE_COMPILATION_CONDITIONS = "DEBUG $(inherited)";
				SWIFT_OPTIMIZATION_LEVEL = "-Onone";
			};
			name = Debug;
		};
		CA6DE12E2B57D5B300F1861B /* Release */ = {
			isa = XCBuildConfiguration;
			buildSettings = {
				ALWAYS_SEARCH_USER_PATHS = NO;
				ASSETCATALOG_COMPILER_GENERATE_SWIFT_ASSET_SYMBOL_EXTENSIONS = YES;
				CLANG_ANALYZER_NONNULL = YES;
				CLANG_ANALYZER_NUMBER_OBJECT_CONVERSION = YES_AGGRESSIVE;
				CLANG_CXX_LANGUAGE_STANDARD = "gnu++20";
				CLANG_ENABLE_MODULES = YES;
				CLANG_ENABLE_OBJC_ARC = YES;
				CLANG_ENABLE_OBJC_WEAK = YES;
				CLANG_WARN_BLOCK_CAPTURE_AUTORELEASING = YES;
				CLANG_WARN_BOOL_CONVERSION = YES;
				CLANG_WARN_COMMA = YES;
				CLANG_WARN_CONSTANT_CONVERSION = YES;
				CLANG_WARN_DEPRECATED_OBJC_IMPLEMENTATIONS = YES;
				CLANG_WARN_DIRECT_OBJC_ISA_USAGE = YES_ERROR;
				CLANG_WARN_DOCUMENTATION_COMMENTS = YES;
				CLANG_WARN_EMPTY_BODY = YES;
				CLANG_WARN_ENUM_CONVERSION = YES;
				CLANG_WARN_INFINITE_RECURSION = YES;
				CLANG_WARN_INT_CONVERSION = YES;
				CLANG_WARN_NON_LITERAL_NULL_CONVERSION = YES;
				CLANG_WARN_OBJC_IMPLICIT_RETAIN_SELF = YES;
				CLANG_WARN_OBJC_LITERAL_CONVERSION = YES;
				CLANG_WARN_OBJC_ROOT_CLASS = YES_ERROR;
				CLANG_WARN_QUOTED_INCLUDE_IN_FRAMEWORK_HEADER = YES;
				CLANG_WARN_RANGE_LOOP_ANALYSIS = YES;
				CLANG_WARN_STRICT_PROTOTYPES = YES;
				CLANG_WARN_SUSPICIOUS_MOVE = YES;
				CLANG_WARN_UNGUARDED_AVAILABILITY = YES_AGGRESSIVE;
				CLANG_WARN_UNREACHABLE_CODE = YES;
				CLANG_WARN__DUPLICATE_METHOD_MATCH = YES;
				COPY_PHASE_STRIP = NO;
				DEBUG_INFORMATION_FORMAT = "dwarf-with-dsym";
				ENABLE_NS_ASSERTIONS = NO;
				ENABLE_STRICT_OBJC_MSGSEND = YES;
				ENABLE_USER_SCRIPT_SANDBOXING = YES;
				GCC_C_LANGUAGE_STANDARD = gnu17;
				GCC_NO_COMMON_BLOCKS = YES;
				GCC_WARN_64_TO_32_BIT_CONVERSION = YES;
				GCC_WARN_ABOUT_RETURN_TYPE = YES_ERROR;
				GCC_WARN_UNDECLARED_SELECTOR = YES;
				GCC_WARN_UNINITIALIZED_AUTOS = YES_AGGRESSIVE;
				GCC_WARN_UNUSED_FUNCTION = YES;
				GCC_WARN_UNUSED_VARIABLE = YES;
				IPHONEOS_DEPLOYMENT_TARGET = 17.0;
				LOCALIZATION_PREFERS_STRING_CATALOGS = YES;
				MTL_ENABLE_DEBUG_INFO = NO;
				MTL_FAST_MATH = YES;
				SDKROOT = iphoneos;
				SWIFT_COMPILATION_MODE = wholemodule;
				VALIDATE_PRODUCT = YES;
			};
			name = Release;
		};
		CA6DE1302B57D5B300F1861B /* Debug */ = {
			isa = XCBuildConfiguration;
			buildSettings = {
				ASSETCATALOG_COMPILER_APPICON_NAME = AppIcon;
				ASSETCATALOG_COMPILER_GLOBAL_ACCENT_COLOR_NAME = AccentColor;
				CODE_SIGN_STYLE = Automatic;
				CURRENT_PROJECT_VERSION = 1;
				DEVELOPMENT_TEAM = 7T7WJ33V33;
				GENERATE_INFOPLIST_FILE = YES;
				INFOPLIST_FILE = Travel/Info.plist;
				INFOPLIST_KEY_UIApplicationSupportsIndirectInputEvents = YES;
				INFOPLIST_KEY_UILaunchStoryboardName = LaunchScreen;
				INFOPLIST_KEY_UIMainStoryboardFile = "";
				INFOPLIST_KEY_UISupportedInterfaceOrientations_iPad = "UIInterfaceOrientationPortrait UIInterfaceOrientationPortraitUpsideDown UIInterfaceOrientationLandscapeLeft UIInterfaceOrientationLandscapeRight";
				INFOPLIST_KEY_UISupportedInterfaceOrientations_iPhone = "UIInterfaceOrientationPortrait UIInterfaceOrientationLandscapeLeft UIInterfaceOrientationLandscapeRight";
				LD_RUNPATH_SEARCH_PATHS = (
					"$(inherited)",
					"@executable_path/Frameworks",
				);
				MARKETING_VERSION = 1.0;
				PRODUCT_BUNDLE_IDENTIFIER = com.sofy123.Travel;
				PRODUCT_NAME = "$(TARGET_NAME)";
				SWIFT_EMIT_LOC_STRINGS = YES;
				SWIFT_VERSION = 5.0;
				TARGETED_DEVICE_FAMILY = "1,2";
			};
			name = Debug;
		};
		CA6DE1312B57D5B300F1861B /* Release */ = {
			isa = XCBuildConfiguration;
			buildSettings = {
				ASSETCATALOG_COMPILER_APPICON_NAME = AppIcon;
				ASSETCATALOG_COMPILER_GLOBAL_ACCENT_COLOR_NAME = AccentColor;
				CODE_SIGN_STYLE = Automatic;
				CURRENT_PROJECT_VERSION = 1;
				DEVELOPMENT_TEAM = 7T7WJ33V33;
				GENERATE_INFOPLIST_FILE = YES;
				INFOPLIST_FILE = Travel/Info.plist;
				INFOPLIST_KEY_UIApplicationSupportsIndirectInputEvents = YES;
				INFOPLIST_KEY_UILaunchStoryboardName = LaunchScreen;
				INFOPLIST_KEY_UIMainStoryboardFile = "";
				INFOPLIST_KEY_UISupportedInterfaceOrientations_iPad = "UIInterfaceOrientationPortrait UIInterfaceOrientationPortraitUpsideDown UIInterfaceOrientationLandscapeLeft UIInterfaceOrientationLandscapeRight";
				INFOPLIST_KEY_UISupportedInterfaceOrientations_iPhone = "UIInterfaceOrientationPortrait UIInterfaceOrientationLandscapeLeft UIInterfaceOrientationLandscapeRight";
				LD_RUNPATH_SEARCH_PATHS = (
					"$(inherited)",
					"@executable_path/Frameworks",
				);
				MARKETING_VERSION = 1.0;
				PRODUCT_BUNDLE_IDENTIFIER = com.sofy123.Travel;
				PRODUCT_NAME = "$(TARGET_NAME)";
				SWIFT_EMIT_LOC_STRINGS = YES;
				SWIFT_VERSION = 5.0;
				TARGETED_DEVICE_FAMILY = "1,2";
			};
			name = Release;
		};
		CA6DE1332B57D5B300F1861B /* Debug */ = {
			isa = XCBuildConfiguration;
			buildSettings = {
				ALWAYS_EMBED_SWIFT_STANDARD_LIBRARIES = YES;
				BUNDLE_LOADER = "$(TEST_HOST)";
				CODE_SIGN_STYLE = Automatic;
				CURRENT_PROJECT_VERSION = 1;
				DEVELOPMENT_TEAM = 7T7WJ33V33;
				GENERATE_INFOPLIST_FILE = YES;
				IPHONEOS_DEPLOYMENT_TARGET = 17.0;
				MARKETING_VERSION = 1.0;
				PRODUCT_BUNDLE_IDENTIFIER = com.sofy123.TravelTests;
				PRODUCT_NAME = "$(TARGET_NAME)";
				SWIFT_EMIT_LOC_STRINGS = NO;
				SWIFT_VERSION = 5.0;
				TARGETED_DEVICE_FAMILY = "1,2";
				TEST_HOST = "$(BUILT_PRODUCTS_DIR)/Travel.app/$(BUNDLE_EXECUTABLE_FOLDER_PATH)/Travel";
			};
			name = Debug;
		};
		CA6DE1342B57D5B300F1861B /* Release */ = {
			isa = XCBuildConfiguration;
			buildSettings = {
				ALWAYS_EMBED_SWIFT_STANDARD_LIBRARIES = YES;
				BUNDLE_LOADER = "$(TEST_HOST)";
				CODE_SIGN_STYLE = Automatic;
				CURRENT_PROJECT_VERSION = 1;
				DEVELOPMENT_TEAM = 7T7WJ33V33;
				GENERATE_INFOPLIST_FILE = YES;
				IPHONEOS_DEPLOYMENT_TARGET = 17.0;
				MARKETING_VERSION = 1.0;
				PRODUCT_BUNDLE_IDENTIFIER = com.sofy123.TravelTests;
				PRODUCT_NAME = "$(TARGET_NAME)";
				SWIFT_EMIT_LOC_STRINGS = NO;
				SWIFT_VERSION = 5.0;
				TARGETED_DEVICE_FAMILY = "1,2";
				TEST_HOST = "$(BUILT_PRODUCTS_DIR)/Travel.app/$(BUNDLE_EXECUTABLE_FOLDER_PATH)/Travel";
			};
			name = Release;
		};
		CA6DE1362B57D5B300F1861B /* Debug */ = {
			isa = XCBuildConfiguration;
			buildSettings = {
				ALWAYS_EMBED_SWIFT_STANDARD_LIBRARIES = YES;
				CODE_SIGN_STYLE = Automatic;
				CURRENT_PROJECT_VERSION = 1;
				DEVELOPMENT_TEAM = 7T7WJ33V33;
				GENERATE_INFOPLIST_FILE = YES;
				MARKETING_VERSION = 1.0;
				PRODUCT_BUNDLE_IDENTIFIER = com.sofy123.TravelUITests;
				PRODUCT_NAME = "$(TARGET_NAME)";
				SWIFT_EMIT_LOC_STRINGS = NO;
				SWIFT_VERSION = 5.0;
				TARGETED_DEVICE_FAMILY = "1,2";
				TEST_TARGET_NAME = Travel;
			};
			name = Debug;
		};
		CA6DE1372B57D5B300F1861B /* Release */ = {
			isa = XCBuildConfiguration;
			buildSettings = {
				ALWAYS_EMBED_SWIFT_STANDARD_LIBRARIES = YES;
				CODE_SIGN_STYLE = Automatic;
				CURRENT_PROJECT_VERSION = 1;
				DEVELOPMENT_TEAM = 7T7WJ33V33;
				GENERATE_INFOPLIST_FILE = YES;
				MARKETING_VERSION = 1.0;
				PRODUCT_BUNDLE_IDENTIFIER = com.sofy123.TravelUITests;
				PRODUCT_NAME = "$(TARGET_NAME)";
				SWIFT_EMIT_LOC_STRINGS = NO;
				SWIFT_VERSION = 5.0;
				TARGETED_DEVICE_FAMILY = "1,2";
				TEST_TARGET_NAME = Travel;
			};
			name = Release;
		};
/* End XCBuildConfiguration section */

/* Begin XCConfigurationList section */
		CA6DE1002B57D5B300F1861B /* Build configuration list for PBXProject "Travel" */ = {
			isa = XCConfigurationList;
			buildConfigurations = (
				CA6DE12D2B57D5B300F1861B /* Debug */,
				CA6DE12E2B57D5B300F1861B /* Release */,
			);
			defaultConfigurationIsVisible = 0;
			defaultConfigurationName = Release;
		};
		CA6DE12F2B57D5B300F1861B /* Build configuration list for PBXNativeTarget "Travel" */ = {
			isa = XCConfigurationList;
			buildConfigurations = (
				CA6DE1302B57D5B300F1861B /* Debug */,
				CA6DE1312B57D5B300F1861B /* Release */,
			);
			defaultConfigurationIsVisible = 0;
			defaultConfigurationName = Release;
		};
		CA6DE1322B57D5B300F1861B /* Build configuration list for PBXNativeTarget "TravelTests" */ = {
			isa = XCConfigurationList;
			buildConfigurations = (
				CA6DE1332B57D5B300F1861B /* Debug */,
				CA6DE1342B57D5B300F1861B /* Release */,
			);
			defaultConfigurationIsVisible = 0;
			defaultConfigurationName = Release;
		};
		CA6DE1352B57D5B300F1861B /* Build configuration list for PBXNativeTarget "TravelUITests" */ = {
			isa = XCConfigurationList;
			buildConfigurations = (
				CA6DE1362B57D5B300F1861B /* Debug */,
				CA6DE1372B57D5B300F1861B /* Release */,
			);
			defaultConfigurationIsVisible = 0;
			defaultConfigurationName = Release;
		};
/* End XCConfigurationList section */
	};
	rootObject = CA6DE0FD2B57D5B300F1861B /* Project object */;
}
