// !$*UTF8*$!
{
	archiveVersion = 1;
	classes = {
	};
	objectVersion = 55;
	objects = {

/* Begin PBXBuildFile section */
		02921790EBA7D5AFDD859029 /* Pods_Travel.framework in Frameworks */ = {isa = PBXBuildFile; fileRef = 14CEED613C4A9D1C7407B6D6 /* Pods_Travel.framework */; };
		497751192B5805F00027546F /* GoogleService-Info.plist in Resources */ = {isa = PBXBuildFile; fileRef = 497751182B5805F00027546F /* GoogleService-Info.plist */; };
		4977511D2B580B970027546F /* TravelCustomTextField.swift in Sources */ = {isa = PBXBuildFile; fileRef = 4977511C2B580B970027546F /* TravelCustomTextField.swift */; };
		49975B7B2B5820AD0066F8D3 /* ProfileViewController.swift in Sources */ = {isa = PBXBuildFile; fileRef = 49975B7A2B5820AD0066F8D3 /* ProfileViewController.swift */; };
		49975B7D2B5827B10066F8D3 /* TravelThemeColor.swift in Sources */ = {isa = PBXBuildFile; fileRef = 49975B7C2B5827B10066F8D3 /* TravelThemeColor.swift */; };
		96EF924BBB9B257A9CD74147 /* Pods_Travel_TravelUITests.framework in Frameworks */ = {isa = PBXBuildFile; fileRef = FABE3E09EC5EB89C93BF57AF /* Pods_Travel_TravelUITests.framework */; };
		CA6DE1092B57D5B300F1861B /* AppDelegate.swift in Sources */ = {isa = PBXBuildFile; fileRef = CA6DE1082B57D5B300F1861B /* AppDelegate.swift */; };
		CA6DE10B2B57D5B300F1861B /* SceneDelegate.swift in Sources */ = {isa = PBXBuildFile; fileRef = CA6DE10A2B57D5B300F1861B /* SceneDelegate.swift */; };
		CA6DE10D2B57D5B300F1861B /* SearchViewController.swift in Sources */ = {isa = PBXBuildFile; fileRef = CA6DE10C2B57D5B300F1861B /* SearchViewController.swift */; };
		CA6DE1122B57D5B300F1861B /* Assets.xcassets in Resources */ = {isa = PBXBuildFile; fileRef = CA6DE1112B57D5B300F1861B /* Assets.xcassets */; };
		CA6DE1152B57D5B300F1861B /* LaunchScreen.storyboard in Resources */ = {isa = PBXBuildFile; fileRef = CA6DE1132B57D5B300F1861B /* LaunchScreen.storyboard */; };
		CA6DE1202B57D5B300F1861B /* TravelTests.swift in Sources */ = {isa = PBXBuildFile; fileRef = CA6DE11F2B57D5B300F1861B /* TravelTests.swift */; };
		CA6DE12A2B57D5B300F1861B /* TravelUITests.swift in Sources */ = {isa = PBXBuildFile; fileRef = CA6DE1292B57D5B300F1861B /* TravelUITests.swift */; };
		CA6DE12C2B57D5B300F1861B /* TravelUITestsLaunchTests.swift in Sources */ = {isa = PBXBuildFile; fileRef = CA6DE12B2B57D5B300F1861B /* TravelUITestsLaunchTests.swift */; };
		CA6DE1392B57D69900F1861B /* TabBarController.swift in Sources */ = {isa = PBXBuildFile; fileRef = CA6DE1382B57D69900F1861B /* TabBarController.swift */; };
		CA6DE13B2B57DB3000F1861B /* LoginViewController.swift in Sources */ = {isa = PBXBuildFile; fileRef = CA6DE13A2B57DB3000F1861B /* LoginViewController.swift */; };
		CAB014F42B5F63F5008CCA8A /* UISettingUtility.swift in Sources */ = {isa = PBXBuildFile; fileRef = CAB014F32B5F63F5008CCA8A /* UISettingUtility.swift */; };
		CAB014F72B5F6F7B008CCA8A /* DetailTableViewCell.swift in Sources */ = {isa = PBXBuildFile; fileRef = CAB014F62B5F6F7B008CCA8A /* DetailTableViewCell.swift */; };
		CAB014F92B5FC3F9008CCA8A /* FavoriteViewController.swift in Sources */ = {isa = PBXBuildFile; fileRef = CAB014F82B5FC3F9008CCA8A /* FavoriteViewController.swift */; };
		CAD722152B58AF6400EF3D7C /* RegisterViewController.swift in Sources */ = {isa = PBXBuildFile; fileRef = CAD722142B58AF6400EF3D7C /* RegisterViewController.swift */; };
		CAD7221A2B58C8FF00EF3D7C /* FetchApiDataUtility.swift in Sources */ = {isa = PBXBuildFile; fileRef = CAD722192B58C8FF00EF3D7C /* FetchApiDataUtility.swift */; };
		CAD7221C2B58E37F00EF3D7C /* SearchResultViewController.swift in Sources */ = {isa = PBXBuildFile; fileRef = CAD7221B2B58E37F00EF3D7C /* SearchResultViewController.swift */; };
		CAD7221E2B58FAC100EF3D7C /* SearchResultTableViewCell.swift in Sources */ = {isa = PBXBuildFile; fileRef = CAD7221D2B58FAC100EF3D7C /* SearchResultTableViewCell.swift */; };
		CAD722202B592AB400EF3D7C /* DetailViewController.swift in Sources */ = {isa = PBXBuildFile; fileRef = CAD7221F2B592AB400EF3D7C /* DetailViewController.swift */; };
		CADDA0BC2B5A206A00F35BF7 /* TripAdvisorApi.swift in Sources */ = {isa = PBXBuildFile; fileRef = CADDA0BB2B5A206A00F35BF7 /* TripAdvisorApi.swift */; };
		CADDA0BE2B5A446000F35BF7 /* TravelData.swift in Sources */ = {isa = PBXBuildFile; fileRef = CADDA0BD2B5A446000F35BF7 /* TravelData.swift */; };
		CADDA0C02B5A5EBE00F35BF7 /* TripAdvisorPhotoApi.swift in Sources */ = {isa = PBXBuildFile; fileRef = CADDA0BF2B5A5EBE00F35BF7 /* TripAdvisorPhotoApi.swift */; };
		CAE4AD4A2B60B15500ED4435 /* YelpApiData.swift in Sources */ = {isa = PBXBuildFile; fileRef = CAE4AD492B60B15500ED4435 /* YelpApiData.swift */; };
		CB9EA744C2F612D825154E05 /* Pods_TravelTests.framework in Frameworks */ = {isa = PBXBuildFile; fileRef = BD045B34D9DD87A1DD45CA10 /* Pods_TravelTests.framework */; };
/* End PBXBuildFile section */

/* Begin PBXContainerItemProxy section */
		CA6DE11C2B57D5B300F1861B /* PBXContainerItemProxy */ = {
			isa = PBXContainerItemProxy;
			containerPortal = CA6DE0FD2B57D5B300F1861B /* Project object */;
			proxyType = 1;
			remoteGlobalIDString = CA6DE1042B57D5B300F1861B;
			remoteInfo = Travel;
		};
		CA6DE1262B57D5B300F1861B /* PBXContainerItemProxy */ = {
			isa = PBXContainerItemProxy;
			containerPortal = CA6DE0FD2B57D5B300F1861B /* Project object */;
			proxyType = 1;
			remoteGlobalIDString = CA6DE1042B57D5B300F1861B;
			remoteInfo = Travel;
		};
/* End PBXContainerItemProxy section */

/* Begin PBXFileReference section */
		14CEED613C4A9D1C7407B6D6 /* Pods_Travel.framework */ = {isa = PBXFileReference; explicitFileType = wrapper.framework; includeInIndex = 0; path = Pods_Travel.framework; sourceTree = BUILT_PRODUCTS_DIR; };
		4660F5E8CA501F86A6FE60C7 /* Pods-Travel-TravelUITests.debug.xcconfig */ = {isa = PBXFileReference; includeInIndex = 1; lastKnownFileType = text.xcconfig; name = "Pods-Travel-TravelUITests.debug.xcconfig"; path = "Target Support Files/Pods-Travel-TravelUITests/Pods-Travel-TravelUITests.debug.xcconfig"; sourceTree = "<group>"; };
		497751182B5805F00027546F /* GoogleService-Info.plist */ = {isa = PBXFileReference; fileEncoding = 4; lastKnownFileType = text.plist.xml; path = "GoogleService-Info.plist"; sourceTree = "<group>"; };
		4977511C2B580B970027546F /* TravelCustomTextField.swift */ = {isa = PBXFileReference; lastKnownFileType = sourcecode.swift; path = TravelCustomTextField.swift; sourceTree = "<group>"; };
		49975B7A2B5820AD0066F8D3 /* ProfileViewController.swift */ = {isa = PBXFileReference; lastKnownFileType = sourcecode.swift; path = ProfileViewController.swift; sourceTree = "<group>"; };
		49975B7C2B5827B10066F8D3 /* TravelThemeColor.swift */ = {isa = PBXFileReference; lastKnownFileType = sourcecode.swift; path = TravelThemeColor.swift; sourceTree = "<group>"; };
		60D262207B09658D7F3CD2EB /* Pods-Travel.debug.xcconfig */ = {isa = PBXFileReference; includeInIndex = 1; lastKnownFileType = text.xcconfig; name = "Pods-Travel.debug.xcconfig"; path = "Target Support Files/Pods-Travel/Pods-Travel.debug.xcconfig"; sourceTree = "<group>"; };
		68B6476BD36F88D8EB714C9F /* Pods-TravelTests.release.xcconfig */ = {isa = PBXFileReference; includeInIndex = 1; lastKnownFileType = text.xcconfig; name = "Pods-TravelTests.release.xcconfig"; path = "Target Support Files/Pods-TravelTests/Pods-TravelTests.release.xcconfig"; sourceTree = "<group>"; };
		7B177B20749C55D115F1BFD1 /* Pods-Travel.release.xcconfig */ = {isa = PBXFileReference; includeInIndex = 1; lastKnownFileType = text.xcconfig; name = "Pods-Travel.release.xcconfig"; path = "Target Support Files/Pods-Travel/Pods-Travel.release.xcconfig"; sourceTree = "<group>"; };
		BD045B34D9DD87A1DD45CA10 /* Pods_TravelTests.framework */ = {isa = PBXFileReference; explicitFileType = wrapper.framework; includeInIndex = 0; path = Pods_TravelTests.framework; sourceTree = BUILT_PRODUCTS_DIR; };
		BFC9C719AFD5E127200AA7DD /* Pods-TravelTests.debug.xcconfig */ = {isa = PBXFileReference; includeInIndex = 1; lastKnownFileType = text.xcconfig; name = "Pods-TravelTests.debug.xcconfig"; path = "Target Support Files/Pods-TravelTests/Pods-TravelTests.debug.xcconfig"; sourceTree = "<group>"; };
		CA6DE1052B57D5B300F1861B /* Travel.app */ = {isa = PBXFileReference; explicitFileType = wrapper.application; includeInIndex = 0; path = Travel.app; sourceTree = BUILT_PRODUCTS_DIR; };
		CA6DE1082B57D5B300F1861B /* AppDelegate.swift */ = {isa = PBXFileReference; lastKnownFileType = sourcecode.swift; path = AppDelegate.swift; sourceTree = "<group>"; };
		CA6DE10A2B57D5B300F1861B /* SceneDelegate.swift */ = {isa = PBXFileReference; lastKnownFileType = sourcecode.swift; path = SceneDelegate.swift; sourceTree = "<group>"; };
		CA6DE10C2B57D5B300F1861B /* SearchViewController.swift */ = {isa = PBXFileReference; lastKnownFileType = sourcecode.swift; path = SearchViewController.swift; sourceTree = "<group>"; };
		CA6DE1112B57D5B300F1861B /* Assets.xcassets */ = {isa = PBXFileReference; lastKnownFileType = folder.assetcatalog; path = Assets.xcassets; sourceTree = "<group>"; };
		CA6DE1142B57D5B300F1861B /* Base */ = {isa = PBXFileReference; lastKnownFileType = file.storyboard; name = Base; path = Base.lproj/LaunchScreen.storyboard; sourceTree = "<group>"; };
		CA6DE1162B57D5B300F1861B /* Info.plist */ = {isa = PBXFileReference; lastKnownFileType = text.plist.xml; path = Info.plist; sourceTree = "<group>"; };
		CA6DE11B2B57D5B300F1861B /* TravelTests.xctest */ = {isa = PBXFileReference; explicitFileType = wrapper.cfbundle; includeInIndex = 0; path = TravelTests.xctest; sourceTree = BUILT_PRODUCTS_DIR; };
		CA6DE11F2B57D5B300F1861B /* TravelTests.swift */ = {isa = PBXFileReference; lastKnownFileType = sourcecode.swift; path = TravelTests.swift; sourceTree = "<group>"; };
		CA6DE1252B57D5B300F1861B /* TravelUITests.xctest */ = {isa = PBXFileReference; explicitFileType = wrapper.cfbundle; includeInIndex = 0; path = TravelUITests.xctest; sourceTree = BUILT_PRODUCTS_DIR; };
		CA6DE1292B57D5B300F1861B /* TravelUITests.swift */ = {isa = PBXFileReference; lastKnownFileType = sourcecode.swift; path = TravelUITests.swift; sourceTree = "<group>"; };
		CA6DE12B2B57D5B300F1861B /* TravelUITestsLaunchTests.swift */ = {isa = PBXFileReference; lastKnownFileType = sourcecode.swift; path = TravelUITestsLaunchTests.swift; sourceTree = "<group>"; };
		CA6DE1382B57D69900F1861B /* TabBarController.swift */ = {isa = PBXFileReference; lastKnownFileType = sourcecode.swift; path = TabBarController.swift; sourceTree = "<group>"; };
		CA6DE13A2B57DB3000F1861B /* LoginViewController.swift */ = {isa = PBXFileReference; lastKnownFileType = sourcecode.swift; path = LoginViewController.swift; sourceTree = "<group>"; };
		CAB014F32B5F63F5008CCA8A /* UISettingUtility.swift */ = {isa = PBXFileReference; lastKnownFileType = sourcecode.swift; path = UISettingUtility.swift; sourceTree = "<group>"; };
		CAB014F62B5F6F7B008CCA8A /* DetailTableViewCell.swift */ = {isa = PBXFileReference; lastKnownFileType = sourcecode.swift; path = DetailTableViewCell.swift; sourceTree = "<group>"; };
		CAB014F82B5FC3F9008CCA8A /* FavoriteViewController.swift */ = {isa = PBXFileReference; lastKnownFileType = sourcecode.swift; path = FavoriteViewController.swift; sourceTree = "<group>"; };
		CAD722142B58AF6400EF3D7C /* RegisterViewController.swift */ = {isa = PBXFileReference; lastKnownFileType = sourcecode.swift; path = RegisterViewController.swift; sourceTree = "<group>"; };
		CAD722192B58C8FF00EF3D7C /* FetchApiDataUtility.swift */ = {isa = PBXFileReference; lastKnownFileType = sourcecode.swift; path = FetchApiDataUtility.swift; sourceTree = "<group>"; };
		CAD7221B2B58E37F00EF3D7C /* SearchResultViewController.swift */ = {isa = PBXFileReference; lastKnownFileType = sourcecode.swift; path = SearchResultViewController.swift; sourceTree = "<group>"; };
		CAD7221D2B58FAC100EF3D7C /* SearchResultTableViewCell.swift */ = {isa = PBXFileReference; lastKnownFileType = sourcecode.swift; path = SearchResultTableViewCell.swift; sourceTree = "<group>"; };
		CAD7221F2B592AB400EF3D7C /* DetailViewController.swift */ = {isa = PBXFileReference; lastKnownFileType = sourcecode.swift; path = DetailViewController.swift; sourceTree = "<group>"; };
		CADDA0BB2B5A206A00F35BF7 /* TripAdvisorApi.swift */ = {isa = PBXFileReference; lastKnownFileType = sourcecode.swift; path = TripAdvisorApi.swift; sourceTree = "<group>"; };
		CADDA0BD2B5A446000F35BF7 /* TravelData.swift */ = {isa = PBXFileReference; lastKnownFileType = sourcecode.swift; path = TravelData.swift; sourceTree = "<group>"; };
		CADDA0BF2B5A5EBE00F35BF7 /* TripAdvisorPhotoApi.swift */ = {isa = PBXFileReference; lastKnownFileType = sourcecode.swift; path = TripAdvisorPhotoApi.swift; sourceTree = "<group>"; };
		CAE4AD492B60B15500ED4435 /* YelpApiData.swift */ = {isa = PBXFileReference; lastKnownFileType = sourcecode.swift; path = YelpApiData.swift; sourceTree = "<group>"; };
		F27492EA71AC8C1065B0B486 /* Pods-Travel-TravelUITests.release.xcconfig */ = {isa = PBXFileReference; includeInIndex = 1; lastKnownFileType = text.xcconfig; name = "Pods-Travel-TravelUITests.release.xcconfig"; path = "Target Support Files/Pods-Travel-TravelUITests/Pods-Travel-TravelUITests.release.xcconfig"; sourceTree = "<group>"; };
		FABE3E09EC5EB89C93BF57AF /* Pods_Travel_TravelUITests.framework */ = {isa = PBXFileReference; explicitFileType = wrapper.framework; includeInIndex = 0; path = Pods_Travel_TravelUITests.framework; sourceTree = BUILT_PRODUCTS_DIR; };
/* End PBXFileReference section */

/* Begin PBXFrameworksBuildPhase section */
		CA6DE1022B57D5B300F1861B /* Frameworks */ = {
			isa = PBXFrameworksBuildPhase;
			buildActionMask = 2147483647;
			files = (
				02921790EBA7D5AFDD859029 /* Pods_Travel.framework in Frameworks */,
			);
			runOnlyForDeploymentPostprocessing = 0;
		};
		CA6DE1182B57D5B300F1861B /* Frameworks */ = {
			isa = PBXFrameworksBuildPhase;
			buildActionMask = 2147483647;
			files = (
				CB9EA744C2F612D825154E05 /* Pods_TravelTests.framework in Frameworks */,
			);
			runOnlyForDeploymentPostprocessing = 0;
		};
		CA6DE1222B57D5B300F1861B /* Frameworks */ = {
			isa = PBXFrameworksBuildPhase;
			buildActionMask = 2147483647;
			files = (
				96EF924BBB9B257A9CD74147 /* Pods_Travel_TravelUITests.framework in Frameworks */,
			);
			runOnlyForDeploymentPostprocessing = 0;
		};
/* End PBXFrameworksBuildPhase section */

/* Begin PBXGroup section */
		49536E3D2B5AB0FB0075836E /* Controller */ = {
			isa = PBXGroup;
			children = (
				CA6DE1382B57D69900F1861B /* TabBarController.swift */,
				CA6DE10C2B57D5B300F1861B /* SearchViewController.swift */,
				CA6DE13A2B57DB3000F1861B /* LoginViewController.swift */,
				CAD7221B2B58E37F00EF3D7C /* SearchResultViewController.swift */,
				CAD722142B58AF6400EF3D7C /* RegisterViewController.swift */,
				49975B7A2B5820AD0066F8D3 /* ProfileViewController.swift */,
				CAD7221F2B592AB400EF3D7C /* DetailViewController.swift */,
				CAB014F82B5FC3F9008CCA8A /* FavoriteViewController.swift */,
			);
			path = Controller;
			sourceTree = "<group>";
		};
		4977511B2B580B4B0027546F /* View */ = {
			isa = PBXGroup;
			children = (
				4977511C2B580B970027546F /* TravelCustomTextField.swift */,
				CAD7221D2B58FAC100EF3D7C /* SearchResultTableViewCell.swift */,
				CAB014F62B5F6F7B008CCA8A /* DetailTableViewCell.swift */,
			);
			path = View;
			sourceTree = "<group>";
		};
		7920362B9B03703F38794027 /* Pods */ = {
			isa = PBXGroup;
			children = (
				60D262207B09658D7F3CD2EB /* Pods-Travel.debug.xcconfig */,
				7B177B20749C55D115F1BFD1 /* Pods-Travel.release.xcconfig */,
				4660F5E8CA501F86A6FE60C7 /* Pods-Travel-TravelUITests.debug.xcconfig */,
				F27492EA71AC8C1065B0B486 /* Pods-Travel-TravelUITests.release.xcconfig */,
				BFC9C719AFD5E127200AA7DD /* Pods-TravelTests.debug.xcconfig */,
				68B6476BD36F88D8EB714C9F /* Pods-TravelTests.release.xcconfig */,
			);
			path = Pods;
			sourceTree = "<group>";
		};
		CA6DE0FC2B57D5B300F1861B = {
			isa = PBXGroup;
			children = (
				CA6DE1072B57D5B300F1861B /* Travel */,
				CA6DE11E2B57D5B300F1861B /* TravelTests */,
				CA6DE1282B57D5B300F1861B /* TravelUITests */,
				CA6DE1062B57D5B300F1861B /* Products */,
				7920362B9B03703F38794027 /* Pods */,
				D53B8B41C7D69F1F48E14C9D /* Frameworks */,
			);
			sourceTree = "<group>";
		};
		CA6DE1062B57D5B300F1861B /* Products */ = {
			isa = PBXGroup;
			children = (
				CA6DE1052B57D5B300F1861B /* Travel.app */,
				CA6DE11B2B57D5B300F1861B /* TravelTests.xctest */,
				CA6DE1252B57D5B300F1861B /* TravelUITests.xctest */,
			);
			name = Products;
			sourceTree = "<group>";
		};
		CA6DE1072B57D5B300F1861B /* Travel */ = {
			isa = PBXGroup;
			children = (
				CA6DE1082B57D5B300F1861B /* AppDelegate.swift */,
				CA6DE10A2B57D5B300F1861B /* SceneDelegate.swift */,
				49536E3D2B5AB0FB0075836E /* Controller */,
				4977511B2B580B4B0027546F /* View */,
				CAD722162B58C75400EF3D7C /* Model */,
				CAB014F52B5F6C32008CCA8A /* Support */,
				CA6DE1112B57D5B300F1861B /* Assets.xcassets */,
				CA6DE1132B57D5B300F1861B /* LaunchScreen.storyboard */,
				497751182B5805F00027546F /* GoogleService-Info.plist */,
				CA6DE1162B57D5B300F1861B /* Info.plist */,
			);
			path = Travel;
			sourceTree = "<group>";
		};
		CA6DE11E2B57D5B300F1861B /* TravelTests */ = {
			isa = PBXGroup;
			children = (
				CA6DE11F2B57D5B300F1861B /* TravelTests.swift */,
			);
			path = TravelTests;
			sourceTree = "<group>";
		};
		CA6DE1282B57D5B300F1861B /* TravelUITests */ = {
			isa = PBXGroup;
			children = (
				CA6DE1292B57D5B300F1861B /* TravelUITests.swift */,
				CA6DE12B2B57D5B300F1861B /* TravelUITestsLaunchTests.swift */,
			);
			path = TravelUITests;
			sourceTree = "<group>";
		};
		CAB014F52B5F6C32008CCA8A /* Support */ = {
			isa = PBXGroup;
			children = (
				49975B7C2B5827B10066F8D3 /* TravelThemeColor.swift */,
				CAD722192B58C8FF00EF3D7C /* FetchApiDataUtility.swift */,
				CAB014F32B5F63F5008CCA8A /* UISettingUtility.swift */,
			);
			path = Support;
			sourceTree = "<group>";
		};
		CAD722162B58C75400EF3D7C /* Model */ = {
			isa = PBXGroup;
			children = (
				CADDA0BB2B5A206A00F35BF7 /* TripAdvisorApi.swift */,
				CADDA0BF2B5A5EBE00F35BF7 /* TripAdvisorPhotoApi.swift */,
				CAE4AD492B60B15500ED4435 /* YelpApiData.swift */,
				CADDA0BD2B5A446000F35BF7 /* TravelData.swift */,
			);
			path = Model;
			sourceTree = "<group>";
		};
		D53B8B41C7D69F1F48E14C9D /* Frameworks */ = {
			isa = PBXGroup;
			children = (
				14CEED613C4A9D1C7407B6D6 /* Pods_Travel.framework */,
				FABE3E09EC5EB89C93BF57AF /* Pods_Travel_TravelUITests.framework */,
				BD045B34D9DD87A1DD45CA10 /* Pods_TravelTests.framework */,
			);
			name = Frameworks;
			sourceTree = "<group>";
		};
/* End PBXGroup section */

/* Begin PBXNativeTarget section */
		CA6DE1042B57D5B300F1861B /* Travel */ = {
			isa = PBXNativeTarget;
			buildConfigurationList = CA6DE12F2B57D5B300F1861B /* Build configuration list for PBXNativeTarget "Travel" */;
			buildPhases = (
				99022830D8DFD6960FB07A9D /* [CP] Check Pods Manifest.lock */,
				CA6DE1012B57D5B300F1861B /* Sources */,
				CA6DE1022B57D5B300F1861B /* Frameworks */,
				CA6DE1032B57D5B300F1861B /* Resources */,
				F7AF747A4380B6F06299A84F /* [CP] Embed Pods Frameworks */,
				9B70D7D8436B37411DF54AA8 /* [CP] Copy Pods Resources */,
			);
			buildRules = (
			);
			dependencies = (
			);
			name = Travel;
			packageProductDependencies = (
			);
			productName = Travel;
			productReference = CA6DE1052B57D5B300F1861B /* Travel.app */;
			productType = "com.apple.product-type.application";
		};
		CA6DE11A2B57D5B300F1861B /* TravelTests */ = {
			isa = PBXNativeTarget;
			buildConfigurationList = CA6DE1322B57D5B300F1861B /* Build configuration list for PBXNativeTarget "TravelTests" */;
			buildPhases = (
				AD04D168AFFAFF806035F29D /* [CP] Check Pods Manifest.lock */,
				CA6DE1172B57D5B300F1861B /* Sources */,
				CA6DE1182B57D5B300F1861B /* Frameworks */,
				CA6DE1192B57D5B300F1861B /* Resources */,
			);
			buildRules = (
			);
			dependencies = (
				CA6DE11D2B57D5B300F1861B /* PBXTargetDependency */,
			);
			name = TravelTests;
			productName = TravelTests;
			productReference = CA6DE11B2B57D5B300F1861B /* TravelTests.xctest */;
			productType = "com.apple.product-type.bundle.unit-test";
		};
		CA6DE1242B57D5B300F1861B /* TravelUITests */ = {
			isa = PBXNativeTarget;
			buildConfigurationList = CA6DE1352B57D5B300F1861B /* Build configuration list for PBXNativeTarget "TravelUITests" */;
			buildPhases = (
				DC040392C61476B878E09D8A /* [CP] Check Pods Manifest.lock */,
				CA6DE1212B57D5B300F1861B /* Sources */,
				CA6DE1222B57D5B300F1861B /* Frameworks */,
				CA6DE1232B57D5B300F1861B /* Resources */,
				A60E3ECF9B127EA220EEA01E /* [CP] Embed Pods Frameworks */,
				5EEEA76DD4488C4504B13B18 /* [CP] Copy Pods Resources */,
			);
			buildRules = (
			);
			dependencies = (
				CA6DE1272B57D5B300F1861B /* PBXTargetDependency */,
			);
			name = TravelUITests;
			productName = TravelUITests;
			productReference = CA6DE1252B57D5B300F1861B /* TravelUITests.xctest */;
			productType = "com.apple.product-type.bundle.ui-testing";
		};
/* End PBXNativeTarget section */

/* Begin PBXProject section */
		CA6DE0FD2B57D5B300F1861B /* Project object */ = {
			isa = PBXProject;
			attributes = {
				LastSwiftUpdateCheck = 1500;
				LastUpgradeCheck = 1500;
				TargetAttributes = {
					CA6DE1042B57D5B300F1861B = {
						CreatedOnToolsVersion = 15.0;
					};
					CA6DE11A2B57D5B300F1861B = {
						CreatedOnToolsVersion = 15.0;
						TestTargetID = CA6DE1042B57D5B300F1861B;
					};
					CA6DE1242B57D5B300F1861B = {
						CreatedOnToolsVersion = 15.0;
						TestTargetID = CA6DE1042B57D5B300F1861B;
					};
				};
			};
			buildConfigurationList = CA6DE1002B57D5B300F1861B /* Build configuration list for PBXProject "Travel" */;
			compatibilityVersion = "Xcode 13.0";
			developmentRegion = en;
			hasScannedForEncodings = 0;
			knownRegions = (
				en,
				Base,
			);
			mainGroup = CA6DE0FC2B57D5B300F1861B;
			packageReferences = (
			);
			productRefGroup = CA6DE1062B57D5B300F1861B /* Products */;
			projectDirPath = "";
			projectRoot = "";
			targets = (
				CA6DE1042B57D5B300F1861B /* Travel */,
				CA6DE11A2B57D5B300F1861B /* TravelTests */,
				CA6DE1242B57D5B300F1861B /* TravelUITests */,
			);
		};
/* End PBXProject section */

/* Begin PBXResourcesBuildPhase section */
		CA6DE1032B57D5B300F1861B /* Resources */ = {
			isa = PBXResourcesBuildPhase;
			buildActionMask = 2147483647;
			files = (
				CA6DE1152B57D5B300F1861B /* LaunchScreen.storyboard in Resources */,
				CA6DE1122B57D5B300F1861B /* Assets.xcassets in Resources */,
				497751192B5805F00027546F /* GoogleService-Info.plist in Resources */,
			);
			runOnlyForDeploymentPostprocessing = 0;
		};
		CA6DE1192B57D5B300F1861B /* Resources */ = {
			isa = PBXResourcesBuildPhase;
			buildActionMask = 2147483647;
			files = (
			);
			runOnlyForDeploymentPostprocessing = 0;
		};
		CA6DE1232B57D5B300F1861B /* Resources */ = {
			isa = PBXResourcesBuildPhase;
			buildActionMask = 2147483647;
			files = (
			);
			runOnlyForDeploymentPostprocessing = 0;
		};
/* End PBXResourcesBuildPhase section */

/* Begin PBXShellScriptBuildPhase section */
		5EEEA76DD4488C4504B13B18 /* [CP] Copy Pods Resources */ = {
			isa = PBXShellScriptBuildPhase;
			buildActionMask = 2147483647;
			files = (
			);
			inputFileListPaths = (
				"${PODS_ROOT}/Target Support Files/Pods-Travel-TravelUITests/Pods-Travel-TravelUITests-resources-${CONFIGURATION}-input-files.xcfilelist",
			);
			name = "[CP] Copy Pods Resources";
			outputFileListPaths = (
				"${PODS_ROOT}/Target Support Files/Pods-Travel-TravelUITests/Pods-Travel-TravelUITests-resources-${CONFIGURATION}-output-files.xcfilelist",
			);
			runOnlyForDeploymentPostprocessing = 0;
			shellPath = /bin/sh;
			shellScript = "\"${PODS_ROOT}/Target Support Files/Pods-Travel-TravelUITests/Pods-Travel-TravelUITests-resources.sh\"\n";
			showEnvVarsInLog = 0;
		};
		99022830D8DFD6960FB07A9D /* [CP] Check Pods Manifest.lock */ = {
			isa = PBXShellScriptBuildPhase;
			buildActionMask = 2147483647;
			files = (
			);
			inputFileListPaths = (
			);
			inputPaths = (
				"${PODS_PODFILE_DIR_PATH}/Podfile.lock",
				"${PODS_ROOT}/Manifest.lock",
			);
			name = "[CP] Check Pods Manifest.lock";
			outputFileListPaths = (
			);
			outputPaths = (
				"$(DERIVED_FILE_DIR)/Pods-Travel-checkManifestLockResult.txt",
			);
			runOnlyForDeploymentPostprocessing = 0;
			shellPath = /bin/sh;
			shellScript = "diff \"${PODS_PODFILE_DIR_PATH}/Podfile.lock\" \"${PODS_ROOT}/Manifest.lock\" > /dev/null\nif [ $? != 0 ] ; then\n    # print error to STDERR\n    echo \"error: The sandbox is not in sync with the Podfile.lock. Run 'pod install' or update your CocoaPods installation.\" >&2\n    exit 1\nfi\n# This output is used by Xcode 'outputs' to avoid re-running this script phase.\necho \"SUCCESS\" > \"${SCRIPT_OUTPUT_FILE_0}\"\n";
			showEnvVarsInLog = 0;
		};
		9B70D7D8436B37411DF54AA8 /* [CP] Copy Pods Resources */ = {
			isa = PBXShellScriptBuildPhase;
			buildActionMask = 2147483647;
			files = (
			);
			inputFileListPaths = (
				"${PODS_ROOT}/Target Support Files/Pods-Travel/Pods-Travel-resources-${CONFIGURATION}-input-files.xcfilelist",
			);
			name = "[CP] Copy Pods Resources";
			outputFileListPaths = (
				"${PODS_ROOT}/Target Support Files/Pods-Travel/Pods-Travel-resources-${CONFIGURATION}-output-files.xcfilelist",
			);
			runOnlyForDeploymentPostprocessing = 0;
			shellPath = /bin/sh;
			shellScript = "\"${PODS_ROOT}/Target Support Files/Pods-Travel/Pods-Travel-resources.sh\"\n";
			showEnvVarsInLog = 0;
		};
		A60E3ECF9B127EA220EEA01E /* [CP] Embed Pods Frameworks */ = {
			isa = PBXShellScriptBuildPhase;
			buildActionMask = 2147483647;
			files = (
			);
			inputFileListPaths = (
				"${PODS_ROOT}/Target Support Files/Pods-Travel-TravelUITests/Pods-Travel-TravelUITests-frameworks-${CONFIGURATION}-input-files.xcfilelist",
			);
			name = "[CP] Embed Pods Frameworks";
			outputFileListPaths = (
				"${PODS_ROOT}/Target Support Files/Pods-Travel-TravelUITests/Pods-Travel-TravelUITests-frameworks-${CONFIGURATION}-output-files.xcfilelist",
			);
			runOnlyForDeploymentPostprocessing = 0;
			shellPath = /bin/sh;
			shellScript = "\"${PODS_ROOT}/Target Support Files/Pods-Travel-TravelUITests/Pods-Travel-TravelUITests-frameworks.sh\"\n";
			showEnvVarsInLog = 0;
		};
		AD04D168AFFAFF806035F29D /* [CP] Check Pods Manifest.lock */ = {
			isa = PBXShellScriptBuildPhase;
			buildActionMask = 2147483647;
			files = (
			);
			inputFileListPaths = (
			);
			inputPaths = (
				"${PODS_PODFILE_DIR_PATH}/Podfile.lock",
				"${PODS_ROOT}/Manifest.lock",
			);
			name = "[CP] Check Pods Manifest.lock";
			outputFileListPaths = (
			);
			outputPaths = (
				"$(DERIVED_FILE_DIR)/Pods-TravelTests-checkManifestLockResult.txt",
			);
			runOnlyForDeploymentPostprocessing = 0;
			shellPath = /bin/sh;
			shellScript = "diff \"${PODS_PODFILE_DIR_PATH}/Podfile.lock\" \"${PODS_ROOT}/Manifest.lock\" > /dev/null\nif [ $? != 0 ] ; then\n    # print error to STDERR\n    echo \"error: The sandbox is not in sync with the Podfile.lock. Run 'pod install' or update your CocoaPods installation.\" >&2\n    exit 1\nfi\n# This output is used by Xcode 'outputs' to avoid re-running this script phase.\necho \"SUCCESS\" > \"${SCRIPT_OUTPUT_FILE_0}\"\n";
			showEnvVarsInLog = 0;
		};
		DC040392C61476B878E09D8A /* [CP] Check Pods Manifest.lock */ = {
			isa = PBXShellScriptBuildPhase;
			buildActionMask = 2147483647;
			files = (
			);
			inputFileListPaths = (
			);
			inputPaths = (
				"${PODS_PODFILE_DIR_PATH}/Podfile.lock",
				"${PODS_ROOT}/Manifest.lock",
			);
			name = "[CP] Check Pods Manifest.lock";
			outputFileListPaths = (
			);
			outputPaths = (
				"$(DERIVED_FILE_DIR)/Pods-Travel-TravelUITests-checkManifestLockResult.txt",
			);
			runOnlyForDeploymentPostprocessing = 0;
			shellPath = /bin/sh;
			shellScript = "diff \"${PODS_PODFILE_DIR_PATH}/Podfile.lock\" \"${PODS_ROOT}/Manifest.lock\" > /dev/null\nif [ $? != 0 ] ; then\n    # print error to STDERR\n    echo \"error: The sandbox is not in sync with the Podfile.lock. Run 'pod install' or update your CocoaPods installation.\" >&2\n    exit 1\nfi\n# This output is used by Xcode 'outputs' to avoid re-running this script phase.\necho \"SUCCESS\" > \"${SCRIPT_OUTPUT_FILE_0}\"\n";
			showEnvVarsInLog = 0;
		};
		F7AF747A4380B6F06299A84F /* [CP] Embed Pods Frameworks */ = {
			isa = PBXShellScriptBuildPhase;
			buildActionMask = 2147483647;
			files = (
			);
			inputFileListPaths = (
				"${PODS_ROOT}/Target Support Files/Pods-Travel/Pods-Travel-frameworks-${CONFIGURATION}-input-files.xcfilelist",
			);
			name = "[CP] Embed Pods Frameworks";
			outputFileListPaths = (
				"${PODS_ROOT}/Target Support Files/Pods-Travel/Pods-Travel-frameworks-${CONFIGURATION}-output-files.xcfilelist",
			);
			runOnlyForDeploymentPostprocessing = 0;
			shellPath = /bin/sh;
			shellScript = "\"${PODS_ROOT}/Target Support Files/Pods-Travel/Pods-Travel-frameworks.sh\"\n";
			showEnvVarsInLog = 0;
		};
/* End PBXShellScriptBuildPhase section */

/* Begin PBXSourcesBuildPhase section */
		CA6DE1012B57D5B300F1861B /* Sources */ = {
			isa = PBXSourcesBuildPhase;
			buildActionMask = 2147483647;
			files = (
				CAB014F72B5F6F7B008CCA8A /* DetailTableViewCell.swift in Sources */,
				CAB014F42B5F63F5008CCA8A /* UISettingUtility.swift in Sources */,
				CA6DE10D2B57D5B300F1861B /* SearchViewController.swift in Sources */,
				49975B7D2B5827B10066F8D3 /* TravelThemeColor.swift in Sources */,
				CA6DE1392B57D69900F1861B /* TabBarController.swift in Sources */,
				CADDA0BE2B5A446000F35BF7 /* TravelData.swift in Sources */,
				CAE4AD4A2B60B15500ED4435 /* YelpApiData.swift in Sources */,
				CA6DE1092B57D5B300F1861B /* AppDelegate.swift in Sources */,
				CAD7221A2B58C8FF00EF3D7C /* FetchApiDataUtility.swift in Sources */,
				CA6DE13B2B57DB3000F1861B /* LoginViewController.swift in Sources */,
				49975B7B2B5820AD0066F8D3 /* ProfileViewController.swift in Sources */,
				CAD722152B58AF6400EF3D7C /* RegisterViewController.swift in Sources */,
				4977511D2B580B970027546F /* TravelCustomTextField.swift in Sources */,
				CADDA0BC2B5A206A00F35BF7 /* TripAdvisorApi.swift in Sources */,
				CAD7221C2B58E37F00EF3D7C /* SearchResultViewController.swift in Sources */,
				CAB014F92B5FC3F9008CCA8A /* FavoriteViewController.swift in Sources */,
				CAD7221E2B58FAC100EF3D7C /* SearchResultTableViewCell.swift in Sources */,
				CA6DE10B2B57D5B300F1861B /* SceneDelegate.swift in Sources */,
				CADDA0C02B5A5EBE00F35BF7 /* TripAdvisorPhotoApi.swift in Sources */,
				CAD722202B592AB400EF3D7C /* DetailViewController.swift in Sources */,
			);
			runOnlyForDeploymentPostprocessing = 0;
		};
		CA6DE1172B57D5B300F1861B /* Sources */ = {
			isa = PBXSourcesBuildPhase;
			buildActionMask = 2147483647;
			files = (
				CA6DE1202B57D5B300F1861B /* TravelTests.swift in Sources */,
			);
			runOnlyForDeploymentPostprocessing = 0;
		};
		CA6DE1212B57D5B300F1861B /* Sources */ = {
			isa = PBXSourcesBuildPhase;
			buildActionMask = 2147483647;
			files = (
				CA6DE12C2B57D5B300F1861B /* TravelUITestsLaunchTests.swift in Sources */,
				CA6DE12A2B57D5B300F1861B /* TravelUITests.swift in Sources */,
			);
			runOnlyForDeploymentPostprocessing = 0;
		};
/* End PBXSourcesBuildPhase section */

/* Begin PBXTargetDependency section */
		CA6DE11D2B57D5B300F1861B /* PBXTargetDependency */ = {
			isa = PBXTargetDependency;
			target = CA6DE1042B57D5B300F1861B /* Travel */;
			targetProxy = CA6DE11C2B57D5B300F1861B /* PBXContainerItemProxy */;
		};
		CA6DE1272B57D5B300F1861B /* PBXTargetDependency */ = {
			isa = PBXTargetDependency;
			target = CA6DE1042B57D5B300F1861B /* Travel */;
			targetProxy = CA6DE1262B57D5B300F1861B /* PBXContainerItemProxy */;
		};
/* End PBXTargetDependency section */

/* Begin PBXVariantGroup section */
		CA6DE1132B57D5B300F1861B /* LaunchScreen.storyboard */ = {
			isa = PBXVariantGroup;
			children = (
				CA6DE1142B57D5B300F1861B /* Base */,
			);
			name = LaunchScreen.storyboard;
			sourceTree = "<group>";
		};
/* End PBXVariantGroup section */

/* Begin XCBuildConfiguration section */
		CA6DE12D2B57D5B300F1861B /* Debug */ = {
			isa = XCBuildConfiguration;
			buildSettings = {
				ALWAYS_SEARCH_USER_PATHS = NO;
				ASSETCATALOG_COMPILER_GENERATE_SWIFT_ASSET_SYMBOL_EXTENSIONS = YES;
				CLANG_ANALYZER_NONNULL = YES;
				CLANG_ANALYZER_NUMBER_OBJECT_CONVERSION = YES_AGGRESSIVE;
				CLANG_CXX_LANGUAGE_STANDARD = "gnu++20";
				CLANG_ENABLE_MODULES = YES;
				CLANG_ENABLE_OBJC_ARC = YES;
				CLANG_ENABLE_OBJC_WEAK = YES;
				CLANG_WARN_BLOCK_CAPTURE_AUTORELEASING = YES;
				CLANG_WARN_BOOL_CONVERSION = YES;
				CLANG_WARN_COMMA = YES;
				CLANG_WARN_CONSTANT_CONVERSION = YES;
				CLANG_WARN_DEPRECATED_OBJC_IMPLEMENTATIONS = YES;
				CLANG_WARN_DIRECT_OBJC_ISA_USAGE = YES_ERROR;
				CLANG_WARN_DOCUMENTATION_COMMENTS = YES;
				CLANG_WARN_EMPTY_BODY = YES;
				CLANG_WARN_ENUM_CONVERSION = YES;
				CLANG_WARN_INFINITE_RECURSION = YES;
				CLANG_WARN_INT_CONVERSION = YES;
				CLANG_WARN_NON_LITERAL_NULL_CONVERSION = YES;
				CLANG_WARN_OBJC_IMPLICIT_RETAIN_SELF = YES;
				CLANG_WARN_OBJC_LITERAL_CONVERSION = YES;
				CLANG_WARN_OBJC_ROOT_CLASS = YES_ERROR;
				CLANG_WARN_QUOTED_INCLUDE_IN_FRAMEWORK_HEADER = YES;
				CLANG_WARN_RANGE_LOOP_ANALYSIS = YES;
				CLANG_WARN_STRICT_PROTOTYPES = YES;
				CLANG_WARN_SUSPICIOUS_MOVE = YES;
				CLANG_WARN_UNGUARDED_AVAILABILITY = YES_AGGRESSIVE;
				CLANG_WARN_UNREACHABLE_CODE = YES;
				CLANG_WARN__DUPLICATE_METHOD_MATCH = YES;
				COPY_PHASE_STRIP = NO;
				DEBUG_INFORMATION_FORMAT = dwarf;
				ENABLE_APP_SANDBOX = NO;
				ENABLE_STRICT_OBJC_MSGSEND = YES;
				ENABLE_TESTABILITY = YES;
				ENABLE_USER_SCRIPT_SANDBOXING = NO;
				GCC_C_LANGUAGE_STANDARD = gnu17;
				GCC_DYNAMIC_NO_PIC = NO;
				GCC_NO_COMMON_BLOCKS = YES;
				GCC_OPTIMIZATION_LEVEL = 0;
				GCC_PREPROCESSOR_DEFINITIONS = (
					"DEBUG=1",
					"$(inherited)",
				);
				GCC_WARN_64_TO_32_BIT_CONVERSION = YES;
				GCC_WARN_ABOUT_RETURN_TYPE = YES_ERROR;
				GCC_WARN_UNDECLARED_SELECTOR = YES;
				GCC_WARN_UNINITIALIZED_AUTOS = YES_AGGRESSIVE;
				GCC_WARN_UNUSED_FUNCTION = YES;
				GCC_WARN_UNUSED_VARIABLE = YES;
				IPHONEOS_DEPLOYMENT_TARGET = 15.5;
				LOCALIZATION_PREFERS_STRING_CATALOGS = YES;
				MTL_ENABLE_DEBUG_INFO = INCLUDE_SOURCE;
				MTL_FAST_MATH = YES;
				ONLY_ACTIVE_ARCH = YES;
				SDKROOT = iphoneos;
				SWIFT_ACTIVE_COMPILATION_CONDITIONS = "DEBUG $(inherited)";
				SWIFT_OPTIMIZATION_LEVEL = "-Onone";
			};
			name = Debug;
		};
		CA6DE12E2B57D5B300F1861B /* Release */ = {
			isa = XCBuildConfiguration;
			buildSettings = {
				ALWAYS_SEARCH_USER_PATHS = NO;
				ASSETCATALOG_COMPILER_GENERATE_SWIFT_ASSET_SYMBOL_EXTENSIONS = YES;
				CLANG_ANALYZER_NONNULL = YES;
				CLANG_ANALYZER_NUMBER_OBJECT_CONVERSION = YES_AGGRESSIVE;
				CLANG_CXX_LANGUAGE_STANDARD = "gnu++20";
				CLANG_ENABLE_MODULES = YES;
				CLANG_ENABLE_OBJC_ARC = YES;
				CLANG_ENABLE_OBJC_WEAK = YES;
				CLANG_WARN_BLOCK_CAPTURE_AUTORELEASING = YES;
				CLANG_WARN_BOOL_CONVERSION = YES;
				CLANG_WARN_COMMA = YES;
				CLANG_WARN_CONSTANT_CONVERSION = YES;
				CLANG_WARN_DEPRECATED_OBJC_IMPLEMENTATIONS = YES;
				CLANG_WARN_DIRECT_OBJC_ISA_USAGE = YES_ERROR;
				CLANG_WARN_DOCUMENTATION_COMMENTS = YES;
				CLANG_WARN_EMPTY_BODY = YES;
				CLANG_WARN_ENUM_CONVERSION = YES;
				CLANG_WARN_INFINITE_RECURSION = YES;
				CLANG_WARN_INT_CONVERSION = YES;
				CLANG_WARN_NON_LITERAL_NULL_CONVERSION = YES;
				CLANG_WARN_OBJC_IMPLICIT_RETAIN_SELF = YES;
				CLANG_WARN_OBJC_LITERAL_CONVERSION = YES;
				CLANG_WARN_OBJC_ROOT_CLASS = YES_ERROR;
				CLANG_WARN_QUOTED_INCLUDE_IN_FRAMEWORK_HEADER = YES;
				CLANG_WARN_RANGE_LOOP_ANALYSIS = YES;
				CLANG_WARN_STRICT_PROTOTYPES = YES;
				CLANG_WARN_SUSPICIOUS_MOVE = YES;
				CLANG_WARN_UNGUARDED_AVAILABILITY = YES_AGGRESSIVE;
				CLANG_WARN_UNREACHABLE_CODE = YES;
				CLANG_WARN__DUPLICATE_METHOD_MATCH = YES;
				COPY_PHASE_STRIP = NO;
				DEBUG_INFORMATION_FORMAT = "dwarf-with-dsym";
				ENABLE_APP_SANDBOX = NO;
				ENABLE_NS_ASSERTIONS = NO;
				ENABLE_STRICT_OBJC_MSGSEND = YES;
				ENABLE_USER_SCRIPT_SANDBOXING = NO;
				GCC_C_LANGUAGE_STANDARD = gnu17;
				GCC_NO_COMMON_BLOCKS = YES;
				GCC_WARN_64_TO_32_BIT_CONVERSION = YES;
				GCC_WARN_ABOUT_RETURN_TYPE = YES_ERROR;
				GCC_WARN_UNDECLARED_SELECTOR = YES;
				GCC_WARN_UNINITIALIZED_AUTOS = YES_AGGRESSIVE;
				GCC_WARN_UNUSED_FUNCTION = YES;
				GCC_WARN_UNUSED_VARIABLE = YES;
				IPHONEOS_DEPLOYMENT_TARGET = 15.5;
				LOCALIZATION_PREFERS_STRING_CATALOGS = YES;
				MTL_ENABLE_DEBUG_INFO = NO;
				MTL_FAST_MATH = YES;
				SDKROOT = iphoneos;
				SWIFT_COMPILATION_MODE = wholemodule;
				VALIDATE_PRODUCT = YES;
			};
			name = Release;
		};
		CA6DE1302B57D5B300F1861B /* Debug */ = {
			isa = XCBuildConfiguration;
			baseConfigurationReference = 60D262207B09658D7F3CD2EB /* Pods-Travel.debug.xcconfig */;
			buildSettings = {
				ASSETCATALOG_COMPILER_APPICON_NAME = AppIcon;
				ASSETCATALOG_COMPILER_GLOBAL_ACCENT_COLOR_NAME = AccentColor;
				CODE_SIGN_STYLE = Automatic;
				CURRENT_PROJECT_VERSION = 1;
				DEBUG_INFORMATION_FORMAT = "dwarf-with-dsym";
				DEVELOPMENT_TEAM = 7T7WJ33V33;
				GENERATE_INFOPLIST_FILE = YES;
				INFOPLIST_FILE = Travel/Info.plist;
				INFOPLIST_KEY_UIApplicationSupportsIndirectInputEvents = YES;
				INFOPLIST_KEY_UILaunchStoryboardName = LaunchScreen;
				INFOPLIST_KEY_UISupportedInterfaceOrientations_iPad = "UIInterfaceOrientationPortrait UIInterfaceOrientationPortraitUpsideDown UIInterfaceOrientationLandscapeLeft UIInterfaceOrientationLandscapeRight";
				INFOPLIST_KEY_UISupportedInterfaceOrientations_iPhone = "UIInterfaceOrientationPortrait UIInterfaceOrientationLandscapeLeft UIInterfaceOrientationLandscapeRight";
				LD_RUNPATH_SEARCH_PATHS = (
					"$(inherited)",
					"@executable_path/Frameworks",
				);
				MARKETING_VERSION = 1.0;
				PRODUCT_BUNDLE_IDENTIFIER = com.sofy123.Travel;
				PRODUCT_NAME = "$(TARGET_NAME)";
				SWIFT_EMIT_LOC_STRINGS = YES;
				SWIFT_VERSION = 5.0;
				TARGETED_DEVICE_FAMILY = "1,2";
			};
			name = Debug;
		};
		CA6DE1312B57D5B300F1861B /* Release */ = {
			isa = XCBuildConfiguration;
			baseConfigurationReference = 7B177B20749C55D115F1BFD1 /* Pods-Travel.release.xcconfig */;
			buildSettings = {
				ASSETCATALOG_COMPILER_APPICON_NAME = AppIcon;
				ASSETCATALOG_COMPILER_GLOBAL_ACCENT_COLOR_NAME = AccentColor;
				CODE_SIGN_STYLE = Automatic;
				CURRENT_PROJECT_VERSION = 1;
				DEVELOPMENT_TEAM = 7T7WJ33V33;
				GENERATE_INFOPLIST_FILE = YES;
				INFOPLIST_FILE = Travel/Info.plist;
				INFOPLIST_KEY_UIApplicationSupportsIndirectInputEvents = YES;
				INFOPLIST_KEY_UILaunchStoryboardName = LaunchScreen;
				INFOPLIST_KEY_UISupportedInterfaceOrientations_iPad = "UIInterfaceOrientationPortrait UIInterfaceOrientationPortraitUpsideDown UIInterfaceOrientationLandscapeLeft UIInterfaceOrientationLandscapeRight";
				INFOPLIST_KEY_UISupportedInterfaceOrientations_iPhone = "UIInterfaceOrientationPortrait UIInterfaceOrientationLandscapeLeft UIInterfaceOrientationLandscapeRight";
				LD_RUNPATH_SEARCH_PATHS = (
					"$(inherited)",
					"@executable_path/Frameworks",
				);
				MARKETING_VERSION = 1.0;
				PRODUCT_BUNDLE_IDENTIFIER = com.sofy123.Travel;
				PRODUCT_NAME = "$(TARGET_NAME)";
				SWIFT_EMIT_LOC_STRINGS = YES;
				SWIFT_VERSION = 5.0;
				TARGETED_DEVICE_FAMILY = "1,2";
			};
			name = Release;
		};
		CA6DE1332B57D5B300F1861B /* Debug */ = {
			isa = XCBuildConfiguration;
			baseConfigurationReference = BFC9C719AFD5E127200AA7DD /* Pods-TravelTests.debug.xcconfig */;
			buildSettings = {
				ALWAYS_EMBED_SWIFT_STANDARD_LIBRARIES = YES;
				BUNDLE_LOADER = "$(TEST_HOST)";
				CODE_SIGN_STYLE = Automatic;
				CURRENT_PROJECT_VERSION = 1;
				DEVELOPMENT_TEAM = 7T7WJ33V33;
				GENERATE_INFOPLIST_FILE = YES;
				IPHONEOS_DEPLOYMENT_TARGET = 17.0;
				MARKETING_VERSION = 1.0;
				PRODUCT_BUNDLE_IDENTIFIER = com.sofy123.TravelTests;
				PRODUCT_NAME = "$(TARGET_NAME)";
				SWIFT_EMIT_LOC_STRINGS = NO;
				SWIFT_VERSION = 5.0;
				TARGETED_DEVICE_FAMILY = "1,2";
				TEST_HOST = "$(BUILT_PRODUCTS_DIR)/Travel.app/$(BUNDLE_EXECUTABLE_FOLDER_PATH)/Travel";
			};
			name = Debug;
		};
		CA6DE1342B57D5B300F1861B /* Release */ = {
			isa = XCBuildConfiguration;
			baseConfigurationReference = 68B6476BD36F88D8EB714C9F /* Pods-TravelTests.release.xcconfig */;
			buildSettings = {
				ALWAYS_EMBED_SWIFT_STANDARD_LIBRARIES = YES;
				BUNDLE_LOADER = "$(TEST_HOST)";
				CODE_SIGN_STYLE = Automatic;
				CURRENT_PROJECT_VERSION = 1;
				DEVELOPMENT_TEAM = 7T7WJ33V33;
				GENERATE_INFOPLIST_FILE = YES;
				IPHONEOS_DEPLOYMENT_TARGET = 17.0;
				MARKETING_VERSION = 1.0;
				PRODUCT_BUNDLE_IDENTIFIER = com.sofy123.TravelTests;
				PRODUCT_NAME = "$(TARGET_NAME)";
				SWIFT_EMIT_LOC_STRINGS = NO;
				SWIFT_VERSION = 5.0;
				TARGETED_DEVICE_FAMILY = "1,2";
				TEST_HOST = "$(BUILT_PRODUCTS_DIR)/Travel.app/$(BUNDLE_EXECUTABLE_FOLDER_PATH)/Travel";
			};
			name = Release;
		};
		CA6DE1362B57D5B300F1861B /* Debug */ = {
			isa = XCBuildConfiguration;
			baseConfigurationReference = 4660F5E8CA501F86A6FE60C7 /* Pods-Travel-TravelUITests.debug.xcconfig */;
			buildSettings = {
				ALWAYS_EMBED_SWIFT_STANDARD_LIBRARIES = YES;
				CODE_SIGN_STYLE = Automatic;
				CURRENT_PROJECT_VERSION = 1;
				DEVELOPMENT_TEAM = 7T7WJ33V33;
				GENERATE_INFOPLIST_FILE = YES;
				MARKETING_VERSION = 1.0;
				PRODUCT_BUNDLE_IDENTIFIER = com.sofy123.TravelUITests;
				PRODUCT_NAME = "$(TARGET_NAME)";
				SWIFT_EMIT_LOC_STRINGS = NO;
				SWIFT_VERSION = 5.0;
				TARGETED_DEVICE_FAMILY = "1,2";
				TEST_TARGET_NAME = Travel;
			};
			name = Debug;
		};
		CA6DE1372B57D5B300F1861B /* Release */ = {
			isa = XCBuildConfiguration;
			baseConfigurationReference = F27492EA71AC8C1065B0B486 /* Pods-Travel-TravelUITests.release.xcconfig */;
			buildSettings = {
				ALWAYS_EMBED_SWIFT_STANDARD_LIBRARIES = YES;
				CODE_SIGN_STYLE = Automatic;
				CURRENT_PROJECT_VERSION = 1;
				DEVELOPMENT_TEAM = 7T7WJ33V33;
				GENERATE_INFOPLIST_FILE = YES;
				MARKETING_VERSION = 1.0;
				PRODUCT_BUNDLE_IDENTIFIER = com.sofy123.TravelUITests;
				PRODUCT_NAME = "$(TARGET_NAME)";
				SWIFT_EMIT_LOC_STRINGS = NO;
				SWIFT_VERSION = 5.0;
				TARGETED_DEVICE_FAMILY = "1,2";
				TEST_TARGET_NAME = Travel;
			};
			name = Release;
		};
/* End XCBuildConfiguration section */

/* Begin XCConfigurationList section */
		CA6DE1002B57D5B300F1861B /* Build configuration list for PBXProject "Travel" */ = {
			isa = XCConfigurationList;
			buildConfigurations = (
				CA6DE12D2B57D5B300F1861B /* Debug */,
				CA6DE12E2B57D5B300F1861B /* Release */,
			);
			defaultConfigurationIsVisible = 0;
			defaultConfigurationName = Release;
		};
		CA6DE12F2B57D5B300F1861B /* Build configuration list for PBXNativeTarget "Travel" */ = {
			isa = XCConfigurationList;
			buildConfigurations = (
				CA6DE1302B57D5B300F1861B /* Debug */,
				CA6DE1312B57D5B300F1861B /* Release */,
			);
			defaultConfigurationIsVisible = 0;
			defaultConfigurationName = Release;
		};
		CA6DE1322B57D5B300F1861B /* Build configuration list for PBXNativeTarget "TravelTests" */ = {
			isa = XCConfigurationList;
			buildConfigurations = (
				CA6DE1332B57D5B300F1861B /* Debug */,
				CA6DE1342B57D5B300F1861B /* Release */,
			);
			defaultConfigurationIsVisible = 0;
			defaultConfigurationName = Release;
		};
		CA6DE1352B57D5B300F1861B /* Build configuration list for PBXNativeTarget "TravelUITests" */ = {
			isa = XCConfigurationList;
			buildConfigurations = (
				CA6DE1362B57D5B300F1861B /* Debug */,
				CA6DE1372B57D5B300F1861B /* Release */,
			);
			defaultConfigurationIsVisible = 0;
			defaultConfigurationName = Release;
		};
/* End XCConfigurationList section */
	};
	rootObject = CA6DE0FD2B57D5B300F1861B /* Project object */;
}
